
Microsoft Visual Studio Solution File, Format Version 12.00
# Visual Studio Version 16
VisualStudioVersion = 16.0.28803.202
MinimumVisualStudioVersion = 10.0.40219.1
Project("{FAE04EC0-301F-11D3-BF4B-00C04F79EFBC}") = "Bitcoin-Grabber", "Bitcoin-Grabber\Bitcoin-Grabber.csproj", "{BDC7EB29-A13F-4E0C-867F-294D90C3B5A2}"
EndProject
Global
	GlobalSection(SolutionConfigurationPlatforms) = preSolution
		Debug|Any CPU = Debug|Any CPU
		Release|Any CPU = Release|Any CPU
	EndGlobalSection
	GlobalSection(ProjectConfigurationPlatforms) = postSolution
		{BDC7EB29-A13F-4E0C-867F-294D90C3B5A2}.Debug|Any CPU.ActiveCfg = Debug|Any CPU
		{BDC7EB29-A13F-4E0C-867F-294D90C3B5A2}.Debug|Any CPU.Build.0 = Debug|Any CPU
		{BDC7EB29-A13F-4E0C-867F-294D90C3B5A2}.Release|Any CPU.ActiveCfg = Release|Any CPU
		{BDC7EB29-A13F-4E0C-867F-294D90C3B5A2}.Release|Any CPU.Build.0 = Release|Any CPU
	EndGlobalSection
	GlobalSection(SolutionProperties) = preSolution
		HideSolutionNode = FALSE
	EndGlobalSection
	GlobalSection(ExtensibilityGlobals) = postSolution
		SolutionGuid = {CB47E783-F5AE-4B87-817D-CF3894139304}
	EndGlobalSection
EndGlobal
